
Microsoft Visual Studio Solution File, Format Version 12.00
# Visual Studio Version 17
VisualStudioVersion = 17.3.32929.385
MinimumVisualStudioVersion = 10.0.40219.1
Project("{FAE04EC0-301F-11D3-BF4B-00C04F79EFBC}") = "ApiProyecto1002", "ApiProyecto1002.csproj", "{F341706E-E09A-406A-B0E5-527FDCA9EF46}"
EndProject
Global
	GlobalSection(SolutionConfigurationPlatforms) = preSolution
		Debug|Any CPU = Debug|Any CPU
		Release|Any CPU = Release|Any CPU
	EndGlobalSection
	GlobalSection(ProjectConfigurationPlatforms) = postSolution
		{F341706E-E09A-406A-B0E5-527FDCA9EF46}.Debug|Any CPU.ActiveCfg = Debug|Any CPU
		{F341706E-E09A-406A-B0E5-527FDCA9EF46}.Debug|Any CPU.Build.0 = Debug|Any CPU
		{F341706E-E09A-406A-B0E5-527FDCA9EF46}.Release|Any CPU.ActiveCfg = Release|Any CPU
		{F341706E-E09A-406A-B0E5-527FDCA9EF46}.Release|Any CPU.Build.0 = Release|Any CPU
	EndGlobalSection
	GlobalSection(SolutionProperties) = preSolution
		HideSolutionNode = FALSE
	EndGlobalSection
	GlobalSection(ExtensibilityGlobals) = postSolution
		SolutionGuid = {9D5DA70C-61E4-41CA-BA8D-9E0183076633}
	EndGlobalSection
EndGlobal
